
Microsoft Visual Studio Solution File, Format Version 12.00
# Visual Studio Version 17
VisualStudioVersion = 17.9.34728.123
MinimumVisualStudioVersion = 10.0.40219.1
Project("{FAE04EC0-301F-11D3-BF4B-00C04F79EFBC}") = "CarFactoryAPI_Tests", "CarFactoryAPI_Tests\CarFactoryAPI_Tests.csproj", "{F7607E0A-83A7-4EAE-8DCC-59DF63974274}"
EndProject
Project("{9A19103F-16F7-4668-BE54-9A1E7A4F7556}") = "CarFactoryAPI", "CarFactoryAPI\CarFactoryAPI.csproj", "{70A9AD11-6C3F-4797-A916-B52A7929DAAB}"
EndProject
Global
	GlobalSection(SolutionConfigurationPlatforms) = preSolution
		Debug|Any CPU = Debug|Any CPU
		Release|Any CPU = Release|Any CPU
	EndGlobalSection
	GlobalSection(ProjectConfigurationPlatforms) = postSolution
		{F7607E0A-83A7-4EAE-8DCC-59DF63974274}.Debug|Any CPU.ActiveCfg = Debug|Any CPU
		{F7607E0A-83A7-4EAE-8DCC-59DF63974274}.Debug|Any CPU.Build.0 = Debug|Any CPU
		{F7607E0A-83A7-4EAE-8DCC-59DF63974274}.Release|Any CPU.ActiveCfg = Release|Any CPU
		{F7607E0A-83A7-4EAE-8DCC-59DF63974274}.Release|Any CPU.Build.0 = Release|Any CPU
		{70A9AD11-6C3F-4797-A916-B52A7929DAAB}.Debug|Any CPU.ActiveCfg = Debug|Any CPU
		{70A9AD11-6C3F-4797-A916-B52A7929DAAB}.Debug|Any CPU.Build.0 = Debug|Any CPU
		{70A9AD11-6C3F-4797-A916-B52A7929DAAB}.Release|Any CPU.ActiveCfg = Release|Any CPU
		{70A9AD11-6C3F-4797-A916-B52A7929DAAB}.Release|Any CPU.Build.0 = Release|Any CPU
	EndGlobalSection
	GlobalSection(SolutionProperties) = preSolution
		HideSolutionNode = FALSE
	EndGlobalSection
	GlobalSection(ExtensibilityGlobals) = postSolution
		SolutionGuid = {0803CAB1-1FA5-4841-AB00-5B18A7257940}
	EndGlobalSection
EndGlobal
